
Microsoft Visual Studio Solution File, Format Version 12.00
# Visual Studio 14
VisualStudioVersion = 14.0.23107.0
MinimumVisualStudioVersion = 10.0.40219.1
Project("{FAE04EC0-301F-11D3-BF4B-00C04F79EFBC}") = "EntiEspais", "EntiEspais\EntiEspais.csproj", "{5130321D-5BB4-4772-9DEA-5D4F65709EA7}"
EndProject
Global
	GlobalSection(SolutionConfigurationPlatforms) = preSolution
		Debug|Any CPU = Debug|Any CPU
		Release|Any CPU = Release|Any CPU
	EndGlobalSection
	GlobalSection(ProjectConfigurationPlatforms) = postSolution
		{5130321D-5BB4-4772-9DEA-5D4F65709EA7}.Debug|Any CPU.ActiveCfg = Debug|Any CPU
		{5130321D-5BB4-4772-9DEA-5D4F65709EA7}.Debug|Any CPU.Build.0 = Debug|Any CPU
		{5130321D-5BB4-4772-9DEA-5D4F65709EA7}.Release|Any CPU.ActiveCfg = Release|Any CPU
		{5130321D-5BB4-4772-9DEA-5D4F65709EA7}.Release|Any CPU.Build.0 = Release|Any CPU
	EndGlobalSection
	GlobalSection(SolutionProperties) = preSolution
		HideSolutionNode = FALSE
	EndGlobalSection
	GlobalSection(ExtensibilityGlobals) = postSolution
		SolutionGuid = {A3CFCFA3-1DF6-4EF2-8058-01402A0B4819}
	EndGlobalSection
EndGlobal
